// !$*UTF8*$!
{
	archiveVersion = 1;
	classes = {
	};
	objectVersion = 56;
	objects = {

/* Begin PBXBuildFile section */
		8A0000012D12000100CFA001 /* cagefight.c in Sources */ = {isa = PBXBuildFile; fileRef = 8A0000022D12000100CFA001 /* cagefight.c */; };
/* End PBXBuildFile section */

/* Begin PBXFileReference section */
		8A0000022D12000100CFA001 /* cagefight.c */ = {isa = PBXFileReference; lastKnownFileType = sourcecode.c.c; path = cagefight.c; sourceTree = "<group>"; };
		8A0000032D12000100CFA001 /* CageFightingAI */ = {isa = PBXFileReference; explicitFileType = "compiled.mach-o.executable"; includeInIndex = 0; path = CageFightingAI; sourceTree = BUILT_PRODUCTS_DIR; };
		8A0000042D12000100CFA001 /* README.md */ = {isa = PBXFileReference; lastKnownFileType = net.daringfireball.markdown; path = README.md; sourceTree = "<group>"; };
		8A0000052D12000100CFA001 /* Makefile */ = {isa = PBXFileReference; lastKnownFileType = text; path = Makefile; sourceTree = "<group>"; };
		8A0000062D12000100CFA001 /* LICENSE */ = {isa = PBXFileReference; lastKnownFileType = text; path = LICENSE; sourceTree = "<group>"; };
		8A0000072D12000100CFA001 /* headhunter.cfos */ = {isa = PBXFileReference; lastKnownFileType = text; path = headhunter.cfos; sourceTree = "<group>"; };
		8A0000082D12000100CFA001 /* limb_breaker.cfos */ = {isa = PBXFileReference; lastKnownFileType = text; path = limb_breaker.cfos; sourceTree = "<group>"; };
		8A0000092D12000100CFA001 /* clinch_driver.cfos */ = {isa = PBXFileReference; lastKnownFileType = text; path = clinch_driver.cfos; sourceTree = "<group>"; };
		8A00000A2D12000100CFA001 /* counter_guard.cfos */ = {isa = PBXFileReference; lastKnownFileType = text; path = counter_guard.cfos; sourceTree = "<group>"; };
		8A00001A2D12000100CFA001 /* joint_reaper.cfos */ = {isa = PBXFileReference; lastKnownFileType = text; path = joint_reaper.cfos; sourceTree = "<group>"; };
		8A00001B2D12000100CFA001 /* shock_clinch.cfos */ = {isa = PBXFileReference; lastKnownFileType = text; path = shock_clinch.cfos; sourceTree = "<group>"; };
		8A00001C2D12000100CFA001 /* cross_guard.cfos */ = {isa = PBXFileReference; lastKnownFileType = text; path = cross_guard.cfos; sourceTree = "<group>"; };
/* End PBXFileReference section */

/* Begin PBXGroup section */
		8A00000B2D12000100CFA001 = {
			isa = PBXGroup;
			children = (
				8A00000C2D12000100CFA001 /* src */,
				8A00000D2D12000100CFA001 /* command_sets */,
				8A0000042D12000100CFA001 /* README.md */,
				8A0000052D12000100CFA001 /* Makefile */,
				8A0000062D12000100CFA001 /* LICENSE */,
				8A00000E2D12000100CFA001 /* Products */,
			);
			sourceTree = "<group>";
		};
		8A00000C2D12000100CFA001 /* src */ = {
			isa = PBXGroup;
			children = (
				8A0000022D12000100CFA001 /* cagefight.c */,
			);
			path = src;
			sourceTree = "<group>";
		};
		8A00000D2D12000100CFA001 /* command_sets */ = {
			isa = PBXGroup;
			children = (
				8A0000072D12000100CFA001 /* headhunter.cfos */,
				8A00001A2D12000100CFA001 /* joint_reaper.cfos */,
				8A00001B2D12000100CFA001 /* shock_clinch.cfos */,
				8A00001C2D12000100CFA001 /* cross_guard.cfos */,
				8A0000082D12000100CFA001 /* limb_breaker.cfos */,
				8A0000092D12000100CFA001 /* clinch_driver.cfos */,
				8A00000A2D12000100CFA001 /* counter_guard.cfos */,
			);
			path = command_sets;
			sourceTree = "<group>";
		};
		8A00000E2D12000100CFA001 /* Products */ = {
			isa = PBXGroup;
			children = (
				8A0000032D12000100CFA001 /* CageFightingAI */,
			);
			name = Products;
			sourceTree = "<group>";
		};
/* End PBXGroup section */

/* Begin PBXNativeTarget section */
		8A00000F2D12000100CFA001 /* CageFightingAI */ = {
			isa = PBXNativeTarget;
			buildConfigurationList = 8A0000102D12000100CFA001 /* Build configuration list for PBXNativeTarget "CageFightingAI" */;
			buildPhases = (
				8A0000112D12000100CFA001 /* Sources */,
			);
			buildRules = (
			);
			dependencies = (
			);
			name = CageFightingAI;
			productName = CageFightingAI;
			productReference = 8A0000032D12000100CFA001 /* CageFightingAI */;
			productType = "com.apple.product-type.tool";
		};
/* End PBXNativeTarget section */

/* Begin PBXProject section */
		8A0000122D12000100CFA001 /* Project object */ = {
			isa = PBXProject;
			attributes = {
				BuildIndependentTargetsInParallel = 1;
				LastUpgradeCheck = 1530;
				TargetAttributes = {
					8A00000F2D12000100CFA001 = {
						CreatedOnToolsVersion = 15.0;
					};
				};
			};
			buildConfigurationList = 8A0000132D12000100CFA001 /* Build configuration list for PBXProject "CageFightingAI" */;
			compatibilityVersion = "Xcode 14.0";
			developmentRegion = en;
			hasScannedForEncodings = 0;
			knownRegions = (
				en,
				Base,
			);
			mainGroup = 8A00000B2D12000100CFA001;
			productRefGroup = 8A00000E2D12000100CFA001 /* Products */;
			projectDirPath = "";
			projectRoot = "";
			targets = (
				8A00000F2D12000100CFA001 /* CageFightingAI */,
			);
		};
/* End PBXProject section */

/* Begin PBXSourcesBuildPhase section */
		8A0000112D12000100CFA001 /* Sources */ = {
			isa = PBXSourcesBuildPhase;
			buildActionMask = 2147483647;
			files = (
				8A0000012D12000100CFA001 /* cagefight.c in Sources */,
			);
			runOnlyForDeploymentPostprocessing = 0;
		};
/* End PBXSourcesBuildPhase section */

/* Begin XCBuildConfiguration section */
		8A0000142D12000100CFA001 /* Debug */ = {
			isa = XCBuildConfiguration;
			buildSettings = {
				ALWAYS_SEARCH_USER_PATHS = NO;
				CLANG_ANALYZER_NONNULL = YES;
				CLANG_ANALYZER_NUMBER_OBJECT_CONVERSION = YES_AGGRESSIVE;
				CLANG_CXX_LANGUAGE_STANDARD = "gnu++20";
				CLANG_ENABLE_MODULES = YES;
				CLANG_ENABLE_OBJC_ARC = YES;
				CLANG_ENABLE_OBJC_WEAK = YES;
				CLANG_WARN_BLOCK_CAPTURE_AUTORELEASING = YES;
				CLANG_WARN_BOOL_CONVERSION = YES;
				CLANG_WARN_COMMA = YES;
				CLANG_WARN_CONSTANT_CONVERSION = YES;
				CLANG_WARN_DEPRECATED_OBJC_IMPLEMENTATIONS = YES;
				CLANG_WARN_DIRECT_OBJC_ISA_USAGE = YES_ERROR;
				CLANG_WARN_DOCUMENTATION_COMMENTS = YES;
				CLANG_WARN_EMPTY_BODY = YES;
				CLANG_WARN_ENUM_CONVERSION = YES;
				CLANG_WARN_INFINITE_RECURSION = YES;
				CLANG_WARN_INT_CONVERSION = YES;
				CLANG_WARN_NON_LITERAL_NULL_CONVERSION = YES;
				CLANG_WARN_OBJC_IMPLICIT_RETAIN_SELF = YES;
				CLANG_WARN_OBJC_LITERAL_CONVERSION = YES;
				CLANG_WARN_OBJC_ROOT_CLASS = YES_ERROR;
				CLANG_WARN_QUOTED_INCLUDE_IN_FRAMEWORK_HEADER = YES;
				CLANG_WARN_RANGE_LOOP_ANALYSIS = YES;
				CLANG_WARN_STRICT_PROTOTYPES = YES;
				CLANG_WARN_SUSPICIOUS_MOVE = YES;
				CLANG_WARN_UNGUARDED_AVAILABILITY = YES_AGGRESSIVE;
				CLANG_WARN_UNREACHABLE_CODE = YES;
				CLANG_WARN__DUPLICATE_METHOD_MATCH = YES;
				COPY_PHASE_STRIP = NO;
				DEBUG_INFORMATION_FORMAT = dwarf;
				ENABLE_STRICT_OBJC_MSGSEND = YES;
				ENABLE_TESTABILITY = YES;
				GCC_C_LANGUAGE_STANDARD = c99;
				GCC_DYNAMIC_NO_PIC = NO;
				GCC_NO_COMMON_BLOCKS = YES;
				GCC_OPTIMIZATION_LEVEL = 0;
				GCC_PREPROCESSOR_DEFINITIONS = (
					"DEBUG=1",
					"$(inherited)",
				);
				GCC_WARN_64_TO_32_BIT_CONVERSION = YES;
				GCC_WARN_ABOUT_RETURN_TYPE = YES_ERROR;
				GCC_WARN_UNDECLARED_SELECTOR = YES;
				GCC_WARN_UNINITIALIZED_AUTOS = YES_AGGRESSIVE;
				GCC_WARN_UNUSED_FUNCTION = YES;
				GCC_WARN_UNUSED_VARIABLE = YES;
				MACOSX_DEPLOYMENT_TARGET = 13.0;
				MTL_ENABLE_DEBUG_INFO = INCLUDE_SOURCE;
				MTL_FAST_MATH = YES;
				ONLY_ACTIVE_ARCH = YES;
				SDKROOT = macosx;
			};
			name = Debug;
		};
		8A0000152D12000100CFA001 /* Release */ = {
			isa = XCBuildConfiguration;
			buildSettings = {
				ALWAYS_SEARCH_USER_PATHS = NO;
				CLANG_ANALYZER_NONNULL = YES;
				CLANG_ANALYZER_NUMBER_OBJECT_CONVERSION = YES_AGGRESSIVE;
				CLANG_CXX_LANGUAGE_STANDARD = "gnu++20";
				CLANG_ENABLE_MODULES = YES;
				CLANG_ENABLE_OBJC_ARC = YES;
				CLANG_ENABLE_OBJC_WEAK = YES;
				CLANG_WARN_BLOCK_CAPTURE_AUTORELEASING = YES;
				CLANG_WARN_BOOL_CONVERSION = YES;
				CLANG_WARN_COMMA = YES;
				CLANG_WARN_CONSTANT_CONVERSION = YES;
				CLANG_WARN_DEPRECATED_OBJC_IMPLEMENTATIONS = YES;
				CLANG_WARN_DIRECT_OBJC_ISA_USAGE = YES_ERROR;
				CLANG_WARN_DOCUMENTATION_COMMENTS = YES;
				CLANG_WARN_EMPTY_BODY = YES;
				CLANG_WARN_ENUM_CONVERSION = YES;
				CLANG_WARN_INFINITE_RECURSION = YES;
				CLANG_WARN_INT_CONVERSION = YES;
				CLANG_WARN_NON_LITERAL_NULL_CONVERSION = YES;
				CLANG_WARN_OBJC_IMPLICIT_RETAIN_SELF = YES;
				CLANG_WARN_OBJC_LITERAL_CONVERSION = YES;
				CLANG_WARN_OBJC_ROOT_CLASS = YES_ERROR;
				CLANG_WARN_QUOTED_INCLUDE_IN_FRAMEWORK_HEADER = YES;
				CLANG_WARN_RANGE_LOOP_ANALYSIS = YES;
				CLANG_WARN_STRICT_PROTOTYPES = YES;
				CLANG_WARN_SUSPICIOUS_MOVE = YES;
				CLANG_WARN_UNGUARDED_AVAILABILITY = YES_AGGRESSIVE;
				CLANG_WARN_UNREACHABLE_CODE = YES;
				CLANG_WARN__DUPLICATE_METHOD_MATCH = YES;
				COPY_PHASE_STRIP = NO;
				DEBUG_INFORMATION_FORMAT = "dwarf-with-dsym";
				ENABLE_NS_ASSERTIONS = NO;
				ENABLE_STRICT_OBJC_MSGSEND = YES;
				GCC_C_LANGUAGE_STANDARD = c99;
				GCC_NO_COMMON_BLOCKS = YES;
				GCC_WARN_64_TO_32_BIT_CONVERSION = YES;
				GCC_WARN_ABOUT_RETURN_TYPE = YES_ERROR;
				GCC_WARN_UNDECLARED_SELECTOR = YES;
				GCC_WARN_UNINITIALIZED_AUTOS = YES_AGGRESSIVE;
				GCC_WARN_UNUSED_FUNCTION = YES;
				GCC_WARN_UNUSED_VARIABLE = YES;
				MACOSX_DEPLOYMENT_TARGET = 13.0;
				MTL_ENABLE_DEBUG_INFO = NO;
				MTL_FAST_MATH = YES;
				SDKROOT = macosx;
			};
			name = Release;
		};
		8A0000162D12000100CFA001 /* Debug */ = {
			isa = XCBuildConfiguration;
			buildSettings = {
				CODE_SIGN_STYLE = Automatic;
				ENABLE_HARDENED_RUNTIME = YES;
				EXECUTABLE_PREFIX = "";
				GCC_C_LANGUAGE_STANDARD = c99;
				PRODUCT_NAME = "$(TARGET_NAME)";
			};
			name = Debug;
		};
		8A0000172D12000100CFA001 /* Release */ = {
			isa = XCBuildConfiguration;
			buildSettings = {
				CODE_SIGN_STYLE = Automatic;
				ENABLE_HARDENED_RUNTIME = YES;
				EXECUTABLE_PREFIX = "";
				GCC_C_LANGUAGE_STANDARD = c99;
				PRODUCT_NAME = "$(TARGET_NAME)";
			};
			name = Release;
		};
/* End XCBuildConfiguration section */

/* Begin XCConfigurationList section */
		8A0000102D12000100CFA001 /* Build configuration list for PBXNativeTarget "CageFightingAI" */ = {
			isa = XCConfigurationList;
			buildConfigurations = (
				8A0000162D12000100CFA001 /* Debug */,
				8A0000172D12000100CFA001 /* Release */,
			);
			defaultConfigurationIsVisible = 0;
			defaultConfigurationName = Release;
		};
		8A0000132D12000100CFA001 /* Build configuration list for PBXProject "CageFightingAI" */ = {
			isa = XCConfigurationList;
			buildConfigurations = (
				8A0000142D12000100CFA001 /* Debug */,
				8A0000152D12000100CFA001 /* Release */,
			);
			defaultConfigurationIsVisible = 0;
			defaultConfigurationName = Release;
		};
/* End XCConfigurationList section */
	};
	rootObject = 8A0000122D12000100CFA001 /* Project object */;
}
